Microsoft Visual Studio Solution File, Format Version 12.00
# Visual Studio 2012
Project("{FAE04EC0-301F-11D3-BF4B-00C04F79EFBC}") = "Below", "Below.csproj", "{4184B3EF-CC28-4533-BC46-B352E5EDA03F}"
EndProject
Global
	GlobalSection(SolutionConfigurationPlatforms) = preSolution
	Debug|Any CPU = Debug|Any CPU
	ExportDebug|Any CPU = ExportDebug|Any CPU
	ExportRelease|Any CPU = ExportRelease|Any CPU
	EndGlobalSection
	GlobalSection(ProjectConfigurationPlatforms) = postSolution
		{4184B3EF-CC28-4533-BC46-B352E5EDA03F}.Debug|Any CPU.ActiveCfg = Debug|Any CPU
		{4184B3EF-CC28-4533-BC46-B352E5EDA03F}.Debug|Any CPU.Build.0 = Debug|Any CPU
		{4184B3EF-CC28-4533-BC46-B352E5EDA03F}.ExportDebug|Any CPU.ActiveCfg = ExportDebug|Any CPU
		{4184B3EF-CC28-4533-BC46-B352E5EDA03F}.ExportDebug|Any CPU.Build.0 = ExportDebug|Any CPU
		{4184B3EF-CC28-4533-BC46-B352E5EDA03F}.ExportRelease|Any CPU.ActiveCfg = ExportRelease|Any CPU
		{4184B3EF-CC28-4533-BC46-B352E5EDA03F}.ExportRelease|Any CPU.Build.0 = ExportRelease|Any CPU
	EndGlobalSection
EndGlobal
